// !$*UTF8*$!
{
	archiveVersion = 1;
	classes = {
	};
	objectVersion = 52;
	objects = {

/* Begin PBXBuildFile section */
		5E50C83426AF171E00746F87 /* AppDelegate.swift in Sources */ = {isa = PBXBuildFile; fileRef = 5E50C83326AF171E00746F87 /* AppDelegate.swift */; };
		5E50C83626AF171E00746F87 /* SceneDelegate.swift in Sources */ = {isa = PBXBuildFile; fileRef = 5E50C83526AF171E00746F87 /* SceneDelegate.swift */; };
		5E50C83826AF171E00746F87 /* ViewController.swift in Sources */ = {isa = PBXBuildFile; fileRef = 5E50C83726AF171E00746F87 /* ViewController.swift */; };
		5E50C83B26AF171E00746F87 /* Main.storyboard in Resources */ = {isa = PBXBuildFile; fileRef = 5E50C83926AF171E00746F87 /* Main.storyboard */; };
		5E50C83D26AF172000746F87 /* Assets.xcassets in Resources */ = {isa = PBXBuildFile; fileRef = 5E50C83C26AF172000746F87 /* Assets.xcassets */; };
		5E50C84026AF172000746F87 /* LaunchScreen.storyboard in Resources */ = {isa = PBXBuildFile; fileRef = 5E50C83E26AF172000746F87 /* LaunchScreen.storyboard */; };
		5E50C85526AF1F2B00746F87 /* CollectionViewCell.swift in Sources */ = {isa = PBXBuildFile; fileRef = 5E50C85326AF1F2B00746F87 /* CollectionViewCell.swift */; };
		5E50C85626AF1F2B00746F87 /* CollectionViewCell.xib in Resources */ = {isa = PBXBuildFile; fileRef = 5E50C85426AF1F2B00746F87 /* CollectionViewCell.xib */; };
		5E50C86126AF32F400746F87 /* Place.swift in Sources */ = {isa = PBXBuildFile; fileRef = 5E50C86026AF32F400746F87 /* Place.swift */; };
		5E50C86626AF34B500746F87 /* PlacesViewModel.swift in Sources */ = {isa = PBXBuildFile; fileRef = 5E50C86526AF34B500746F87 /* PlacesViewModel.swift */; };
		5E50C86A26AF357900746F87 /* Network.swift in Sources */ = {isa = PBXBuildFile; fileRef = 5E50C86926AF357900746F87 /* Network.swift */; };
		5E50C86E26AF35E400746F87 /* BuildFile in Frameworks */ = {isa = PBXBuildFile; productRef = 5E50C86D26AF35E400746F87 /* SwiftPackageProductDependency */; };
		5E50C87926AF3D4D00746F87 /* BuildFile in Frameworks */ = {isa = PBXBuildFile; productRef = 5E50C87826AF3D4D00746F87 /* SwiftPackageProductDependency */; };
		5E50C87B26AF3D4D00746F87 /* BuildFile in Frameworks */ = {isa = PBXBuildFile; productRef = 5E50C87A26AF3D4D00746F87 /* SwiftPackageProductDependency */; };
		5E50C87F26AF419400746F87 /* LoadImageExtension.swift in Sources */ = {isa = PBXBuildFile; fileRef = 5E50C87E26AF419400746F87 /* LoadImageExtension.swift */; };
		5E50C89A26AF5B3F00746F87 /* BuildFile in Frameworks */ = {isa = PBXBuildFile; productRef = 5E50C89926AF5B3F00746F87 /* SwiftPackageProductDependency */; };
/* End PBXBuildFile section */

/* Begin PBXFileReference section */
		5E50C83026AF171E00746F87 /* Shisheo.app */ = {isa = PBXFileReference; explicitFileType = wrapper.application; includeInIndex = 0; path = Shisheo.app; sourceTree = BUILT_PRODUCTS_DIR; };
		5E50C83326AF171E00746F87 /* AppDelegate.swift */ = {isa = PBXFileReference; lastKnownFileType = sourcecode.swift; path = AppDelegate.swift; sourceTree = "<group>"; };
		5E50C83526AF171E00746F87 /* SceneDelegate.swift */ = {isa = PBXFileReference; lastKnownFileType = sourcecode.swift; path = SceneDelegate.swift; sourceTree = "<group>"; };
		5E50C83726AF171E00746F87 /* ViewController.swift */ = {isa = PBXFileReference; lastKnownFileType = sourcecode.swift; path = ViewController.swift; sourceTree = "<group>"; };
		5E50C83A26AF171E00746F87 /* Base */ = {isa = PBXFileReference; lastKnownFileType = file.storyboard; name = Base; path = Base.lproj/Main.storyboard; sourceTree = "<group>"; };
		5E50C83C26AF172000746F87 /* Assets.xcassets */ = {isa = PBXFileReference; lastKnownFileType = folder.assetcatalog; path = Assets.xcassets; sourceTree = "<group>"; };
		5E50C83F26AF172000746F87 /* Base */ = {isa = PBXFileReference; lastKnownFileType = file.storyboard; name = Base; path = Base.lproj/LaunchScreen.storyboard; sourceTree = "<group>"; };
		5E50C84126AF172000746F87 /* Info.plist */ = {isa = PBXFileReference; lastKnownFileType = text.plist.xml; path = Info.plist; sourceTree = "<group>"; };
		5E50C85326AF1F2B00746F87 /* CollectionViewCell.swift */ = {isa = PBXFileReference; fileEncoding = 4; lastKnownFileType = sourcecode.swift; path = CollectionViewCell.swift; sourceTree = "<group>"; };
		5E50C85426AF1F2B00746F87 /* CollectionViewCell.xib */ = {isa = PBXFileReference; fileEncoding = 4; lastKnownFileType = file.xib; path = CollectionViewCell.xib; sourceTree = "<group>"; };
		5E50C86026AF32F400746F87 /* Place.swift */ = {isa = PBXFileReference; lastKnownFileType = sourcecode.swift; path = Place.swift; sourceTree = "<group>"; };
		5E50C86526AF34B500746F87 /* PlacesViewModel.swift */ = {isa = PBXFileReference; fileEncoding = 4; lastKnownFileType = sourcecode.swift; path = PlacesViewModel.swift; sourceTree = "<group>"; };
		5E50C86926AF357900746F87 /* Network.swift */ = {isa = PBXFileReference; fileEncoding = 4; lastKnownFileType = sourcecode.swift; path = Network.swift; sourceTree = "<group>"; };
		5E50C87E26AF419400746F87 /* LoadImageExtension.swift */ = {isa = PBXFileReference; lastKnownFileType = sourcecode.swift; path = LoadImageExtension.swift; sourceTree = "<group>"; };
/* End PBXFileReference section */

/* Begin PBXFrameworksBuildPhase section */
		5E50C82D26AF171E00746F87 /* Frameworks */ = {
			isa = PBXFrameworksBuildPhase;
			buildActionMask = 2147483647;
			files = (
				5E50C87B26AF3D4D00746F87 /* BuildFile in Frameworks */,
				5E50C87926AF3D4D00746F87 /* BuildFile in Frameworks */,
				5E50C89A26AF5B3F00746F87 /* BuildFile in Frameworks */,
				5E50C86E26AF35E400746F87 /* BuildFile in Frameworks */,
			);
			runOnlyForDeploymentPostprocessing = 0;
		};
/* End PBXFrameworksBuildPhase section */

/* Begin PBXGroup section */
		5E50C82726AF171E00746F87 = {
			isa = PBXGroup;
			children = (
				5E50C83226AF171E00746F87 /* Shisheo */,
				5E50C83126AF171E00746F87 /* Products */,
			);
			sourceTree = "<group>";
		};
		5E50C83126AF171E00746F87 /* Products */ = {
			isa = PBXGroup;
			children = (
				5E50C83026AF171E00746F87 /* Shisheo.app */,
			);
			name = Products;
			sourceTree = "<group>";
		};
		5E50C83226AF171E00746F87 /* Shisheo */ = {
			isa = PBXGroup;
			children = (
				5E50C84126AF172000746F87 /* Info.plist */,
				5E50C88526AF442E00746F87 /* AppDelegate */,
				5E50C85F26AF32E600746F87 /* Model */,
				5E50C85226AF1F2B00746F87 /* View */,
				5E50C86426AF34B500746F87 /* ViewModel */,
				5E50C85A26AF2E3800746F87 /* Helpers */,
				5E50C88226AF43BC00746F87 /* Resourses */,
			);
			path = Shisheo;
			sourceTree = "<group>";
		};
		5E50C85226AF1F2B00746F87 /* View */ = {
			isa = PBXGroup;
			children = (
				5E50C83726AF171E00746F87 /* ViewController.swift */,
				5E50C83926AF171E00746F87 /* Main.storyboard */,
				5E50C88126AF438600746F87 /* SupportViews */,
			);
			path = View;
			sourceTree = "<group>";
		};
		5E50C85A26AF2E3800746F87 /* Helpers */ = {
			isa = PBXGroup;
			children = (
				5E50C86926AF357900746F87 /* Network.swift */,
				5E50C87E26AF419400746F87 /* LoadImageExtension.swift */,
			);
			path = Helpers;
			sourceTree = "<group>";
		};
		5E50C85F26AF32E600746F87 /* Model */ = {
			isa = PBXGroup;
			children = (
				5E50C86026AF32F400746F87 /* Place.swift */,
			);
			path = Model;
			sourceTree = "<group>";
		};
		5E50C86426AF34B500746F87 /* ViewModel */ = {
			isa = PBXGroup;
			children = (
				5E50C86526AF34B500746F87 /* PlacesViewModel.swift */,
			);
			path = ViewModel;
			sourceTree = "<group>";
		};
		5E50C88126AF438600746F87 /* SupportViews */ = {
			isa = PBXGroup;
			children = (
				5E50C85326AF1F2B00746F87 /* CollectionViewCell.swift */,
				5E50C85426AF1F2B00746F87 /* CollectionViewCell.xib */,
			);
			path = SupportViews;
			sourceTree = "<group>";
		};
		5E50C88226AF43BC00746F87 /* Resourses */ = {
			isa = PBXGroup;
			children = (
				5E50C83C26AF172000746F87 /* Assets.xcassets */,
				5E50C83E26AF172000746F87 /* LaunchScreen.storyboard */,
			);
			path = Resourses;
			sourceTree = "<group>";
		};
		5E50C88526AF442E00746F87 /* AppDelegate */ = {
			isa = PBXGroup;
			children = (
				5E50C83326AF171E00746F87 /* AppDelegate.swift */,
				5E50C83526AF171E00746F87 /* SceneDelegate.swift */,
			);
			path = AppDelegate;
			sourceTree = "<group>";
		};
/* End PBXGroup section */

/* Begin PBXNativeTarget section */
		5E50C82F26AF171E00746F87 /* Shisheo */ = {
			isa = PBXNativeTarget;
			buildConfigurationList = 5E50C84426AF172000746F87 /* Build configuration list for PBXNativeTarget "Shisheo" */;
			buildPhases = (
				5E50C82C26AF171E00746F87 /* Sources */,
				5E50C82D26AF171E00746F87 /* Frameworks */,
				5E50C82E26AF171E00746F87 /* Resources */,
			);
			buildRules = (
			);
			dependencies = (
			);
			name = Shisheo;
			packageProductDependencies = (
				5E50C86D26AF35E400746F87 /* SwiftPackageProductDependency */,
				5E50C87826AF3D4D00746F87 /* SwiftPackageProductDependency */,
				5E50C87A26AF3D4D00746F87 /* SwiftPackageProductDependency */,
				5E50C89926AF5B3F00746F87 /* SwiftPackageProductDependency */,
			);
			productName = Shisheo;
			productReference = 5E50C83026AF171E00746F87 /* Shisheo.app */;
			productType = "com.apple.product-type.application";
		};
/* End PBXNativeTarget section */

/* Begin PBXProject section */
		5E50C82826AF171E00746F87 /* Project object */ = {
			isa = PBXProject;
			attributes = {
				LastSwiftUpdateCheck = 1210;
				LastUpgradeCheck = 1210;
				TargetAttributes = {
					5E50C82F26AF171E00746F87 = {
						CreatedOnToolsVersion = 12.1;
					};
				};
			};
			buildConfigurationList = 5E50C82B26AF171E00746F87 /* Build configuration list for PBXProject "Shisheo" */;
			compatibilityVersion = "Xcode 9.3";
			developmentRegion = en;
			hasScannedForEncodings = 0;
			knownRegions = (
				en,
				Base,
			);
			mainGroup = 5E50C82726AF171E00746F87;
			packageReferences = (
				5E50C86C26AF35E400746F87 /* RemoteSwiftPackageReference */,
				5E50C87726AF3D4D00746F87 /* RemoteSwiftPackageReference */,
				5E50C89826AF5B3F00746F87 /* RemoteSwiftPackageReference */,
			);
			productRefGroup = 5E50C83126AF171E00746F87 /* Products */;
			projectDirPath = "";
			projectRoot = "";
			targets = (
				5E50C82F26AF171E00746F87 /* Shisheo */,
			);
		};
/* End PBXProject section */

/* Begin PBXResourcesBuildPhase section */
		5E50C82E26AF171E00746F87 /* Resources */ = {
			isa = PBXResourcesBuildPhase;
			buildActionMask = 2147483647;
			files = (
				5E50C84026AF172000746F87 /* LaunchScreen.storyboard in Resources */,
				5E50C83D26AF172000746F87 /* Assets.xcassets in Resources */,
				5E50C85626AF1F2B00746F87 /* CollectionViewCell.xib in Resources */,
				5E50C83B26AF171E00746F87 /* Main.storyboard in Resources */,
			);
			runOnlyForDeploymentPostprocessing = 0;
		};
/* End PBXResourcesBuildPhase section */

/* Begin PBXSourcesBuildPhase section */
		5E50C82C26AF171E00746F87 /* Sources */ = {
			isa = PBXSourcesBuildPhase;
			buildActionMask = 2147483647;
			files = (
				5E50C83826AF171E00746F87 /* ViewController.swift in Sources */,
				5E50C86A26AF357900746F87 /* Network.swift in Sources */,
				5E50C86626AF34B500746F87 /* PlacesViewModel.swift in Sources */,
				5E50C87F26AF419400746F87 /* LoadImageExtension.swift in Sources */,
				5E50C83426AF171E00746F87 /* AppDelegate.swift in Sources */,
				5E50C86126AF32F400746F87 /* Place.swift in Sources */,
				5E50C85526AF1F2B00746F87 /* CollectionViewCell.swift in Sources */,
				5E50C83626AF171E00746F87 /* SceneDelegate.swift in Sources */,
			);
			runOnlyForDeploymentPostprocessing = 0;
		};
/* End PBXSourcesBuildPhase section */

/* Begin PBXVariantGroup section */
		5E50C83926AF171E00746F87 /* Main.storyboard */ = {
			isa = PBXVariantGroup;
			children = (
				5E50C83A26AF171E00746F87 /* Base */,
			);
			name = Main.storyboard;
			sourceTree = "<group>";
		};
		5E50C83E26AF172000746F87 /* LaunchScreen.storyboard */ = {
			isa = PBXVariantGroup;
			children = (
				5E50C83F26AF172000746F87 /* Base */,
			);
			name = LaunchScreen.storyboard;
			sourceTree = "<group>";
		};
/* End PBXVariantGroup section */

/* Begin XCBuildConfiguration section */
		5E50C84226AF172000746F87 /* Debug */ = {
			isa = XCBuildConfiguration;
			buildSettings = {
				ALWAYS_SEARCH_USER_PATHS = NO;
				CLANG_ANALYZER_NONNULL = YES;
				CLANG_ANALYZER_NUMBER_OBJECT_CONVERSION = YES_AGGRESSIVE;
				CLANG_CXX_LANGUAGE_STANDARD = "gnu++14";
				CLANG_CXX_LIBRARY = "libc++";
				CLANG_ENABLE_MODULES = YES;
				CLANG_ENABLE_OBJC_ARC = YES;
				CLANG_ENABLE_OBJC_WEAK = YES;
				CLANG_WARN_BLOCK_CAPTURE_AUTORELEASING = YES;
				CLANG_WARN_BOOL_CONVERSION = YES;
				CLANG_WARN_COMMA = YES;
				CLANG_WARN_CONSTANT_CONVERSION = YES;
				CLANG_WARN_DEPRECATED_OBJC_IMPLEMENTATIONS = YES;
				CLANG_WARN_DIRECT_OBJC_ISA_USAGE = YES_ERROR;
				CLANG_WARN_DOCUMENTATION_COMMENTS = YES;
				CLANG_WARN_EMPTY_BODY = YES;
				CLANG_WARN_ENUM_CONVERSION = YES;
				CLANG_WARN_INFINITE_RECURSION = YES;
				CLANG_WARN_INT_CONVERSION = YES;
				CLANG_WARN_NON_LITERAL_NULL_CONVERSION = YES;
				CLANG_WARN_OBJC_IMPLICIT_RETAIN_SELF = YES;
				CLANG_WARN_OBJC_LITERAL_CONVERSION = YES;
				CLANG_WARN_OBJC_ROOT_CLASS = YES_ERROR;
				CLANG_WARN_QUOTED_INCLUDE_IN_FRAMEWORK_HEADER = YES;
				CLANG_WARN_RANGE_LOOP_ANALYSIS = YES;
				CLANG_WARN_STRICT_PROTOTYPES = YES;
				CLANG_WARN_SUSPICIOUS_MOVE = YES;
				CLANG_WARN_UNGUARDED_AVAILABILITY = YES_AGGRESSIVE;
				CLANG_WARN_UNREACHABLE_CODE = YES;
				CLANG_WARN__DUPLICATE_METHOD_MATCH = YES;
				COPY_PHASE_STRIP = NO;
				DEBUG_INFORMATION_FORMAT = dwarf;
				ENABLE_STRICT_OBJC_MSGSEND = YES;
				ENABLE_TESTABILITY = YES;
				GCC_C_LANGUAGE_STANDARD = gnu11;
				GCC_DYNAMIC_NO_PIC = NO;
				GCC_NO_COMMON_BLOCKS = YES;
				GCC_OPTIMIZATION_LEVEL = 0;
				GCC_PREPROCESSOR_DEFINITIONS = (
					"DEBUG=1",
					"$(inherited)",
				);
				GCC_WARN_64_TO_32_BIT_CONVERSION = YES;
				GCC_WARN_ABOUT_RETURN_TYPE = YES_ERROR;
				GCC_WARN_UNDECLARED_SELECTOR = YES;
				GCC_WARN_UNINITIALIZED_AUTOS = YES_AGGRESSIVE;
				GCC_WARN_UNUSED_FUNCTION = YES;
				GCC_WARN_UNUSED_VARIABLE = YES;
				IPHONEOS_DEPLOYMENT_TARGET = 14.1;
				MTL_ENABLE_DEBUG_INFO = INCLUDE_SOURCE;
				MTL_FAST_MATH = YES;
				ONLY_ACTIVE_ARCH = YES;
				SDKROOT = iphoneos;
				SWIFT_ACTIVE_COMPILATION_CONDITIONS = DEBUG;
				SWIFT_OPTIMIZATION_LEVEL = "-Onone";
			};
			name = Debug;
		};
		5E50C84326AF172000746F87 /* Release */ = {
			isa = XCBuildConfiguration;
			buildSettings = {
				ALWAYS_SEARCH_USER_PATHS = NO;
				CLANG_ANALYZER_NONNULL = YES;
				CLANG_ANALYZER_NUMBER_OBJECT_CONVERSION = YES_AGGRESSIVE;
				CLANG_CXX_LANGUAGE_STANDARD = "gnu++14";
				CLANG_CXX_LIBRARY = "libc++";
				CLANG_ENABLE_MODULES = YES;
				CLANG_ENABLE_OBJC_ARC = YES;
				CLANG_ENABLE_OBJC_WEAK = YES;
				CLANG_WARN_BLOCK_CAPTURE_AUTORELEASING = YES;
				CLANG_WARN_BOOL_CONVERSION = YES;
				CLANG_WARN_COMMA = YES;
				CLANG_WARN_CONSTANT_CONVERSION = YES;
				CLANG_WARN_DEPRECATED_OBJC_IMPLEMENTATIONS = YES;
				CLANG_WARN_DIRECT_OBJC_ISA_USAGE = YES_ERROR;
				CLANG_WARN_DOCUMENTATION_COMMENTS = YES;
				CLANG_WARN_EMPTY_BODY = YES;
				CLANG_WARN_ENUM_CONVERSION = YES;
				CLANG_WARN_INFINITE_RECURSION = YES;
				CLANG_WARN_INT_CONVERSION = YES;
				CLANG_WARN_NON_LITERAL_NULL_CONVERSION = YES;
				CLANG_WARN_OBJC_IMPLICIT_RETAIN_SELF = YES;
				CLANG_WARN_OBJC_LITERAL_CONVERSION = YES;
				CLANG_WARN_OBJC_ROOT_CLASS = YES_ERROR;
				CLANG_WARN_QUOTED_INCLUDE_IN_FRAMEWORK_HEADER = YES;
				CLANG_WARN_RANGE_LOOP_ANALYSIS = YES;
				CLANG_WARN_STRICT_PROTOTYPES = YES;
				CLANG_WARN_SUSPICIOUS_MOVE = YES;
				CLANG_WARN_UNGUARDED_AVAILABILITY = YES_AGGRESSIVE;
				CLANG_WARN_UNREACHABLE_CODE = YES;
				CLANG_WARN__DUPLICATE_METHOD_MATCH = YES;
				COPY_PHASE_STRIP = NO;
				DEBUG_INFORMATION_FORMAT = "dwarf-with-dsym";
				ENABLE_NS_ASSERTIONS = NO;
				ENABLE_STRICT_OBJC_MSGSEND = YES;
				GCC_C_LANGUAGE_STANDARD = gnu11;
				GCC_NO_COMMON_BLOCKS = YES;
				GCC_WARN_64_TO_32_BIT_CONVERSION = YES;
				GCC_WARN_ABOUT_RETURN_TYPE = YES_ERROR;
				GCC_WARN_UNDECLARED_SELECTOR = YES;
				GCC_WARN_UNINITIALIZED_AUTOS = YES_AGGRESSIVE;
				GCC_WARN_UNUSED_FUNCTION = YES;
				GCC_WARN_UNUSED_VARIABLE = YES;
				IPHONEOS_DEPLOYMENT_TARGET = 14.1;
				MTL_ENABLE_DEBUG_INFO = NO;
				MTL_FAST_MATH = YES;
				SDKROOT = iphoneos;
				SWIFT_COMPILATION_MODE = wholemodule;
				SWIFT_OPTIMIZATION_LEVEL = "-O";
				VALIDATE_PRODUCT = YES;
			};
			name = Release;
		};
		5E50C84526AF172000746F87 /* Debug */ = {
			isa = XCBuildConfiguration;
			buildSettings = {
				ASSETCATALOG_COMPILER_APPICON_NAME = AppIcon;
				ASSETCATALOG_COMPILER_GLOBAL_ACCENT_COLOR_NAME = AccentColor;
				CODE_SIGN_STYLE = Automatic;
				INFOPLIST_FILE = Shisheo/Info.plist;
				LD_RUNPATH_SEARCH_PATHS = (
					"$(inherited)",
					"@executable_path/Frameworks",
				);
				PRODUCT_BUNDLE_IDENTIFIER = "org.cocoapods.demo.ProjectFeatureCookieBanner-Example.Shisheo";
				PRODUCT_NAME = "$(TARGET_NAME)";
				SWIFT_VERSION = 5.0;
				TARGETED_DEVICE_FAMILY = "1,2";
			};
			name = Debug;
		};
		5E50C84626AF172000746F87 /* Release */ = {
			isa = XCBuildConfiguration;
			buildSettings = {
				ASSETCATALOG_COMPILER_APPICON_NAME = AppIcon;
				ASSETCATALOG_COMPILER_GLOBAL_ACCENT_COLOR_NAME = AccentColor;
				CODE_SIGN_STYLE = Automatic;
				INFOPLIST_FILE = Shisheo/Info.plist;
				LD_RUNPATH_SEARCH_PATHS = (
					"$(inherited)",
					"@executable_path/Frameworks",
				);
				PRODUCT_BUNDLE_IDENTIFIER = "org.cocoapods.demo.ProjectFeatureCookieBanner-Example.Shisheo";
				PRODUCT_NAME = "$(TARGET_NAME)";
				SWIFT_VERSION = 5.0;
				TARGETED_DEVICE_FAMILY = "1,2";
			};
			name = Release;
		};
/* End XCBuildConfiguration section */

/* Begin XCConfigurationList section */
		5E50C82B26AF171E00746F87 /* Build configuration list for PBXProject "Shisheo" */ = {
			isa = XCConfigurationList;
			buildConfigurations = (
				5E50C84226AF172000746F87 /* Debug */,
				5E50C84326AF172000746F87 /* Release */,
			);
			defaultConfigurationIsVisible = 0;
			defaultConfigurationName = Release;
		};
		5E50C84426AF172000746F87 /* Build configuration list for PBXNativeTarget "Shisheo" */ = {
			isa = XCConfigurationList;
			buildConfigurations = (
				5E50C84526AF172000746F87 /* Debug */,
				5E50C84626AF172000746F87 /* Release */,
			);
			defaultConfigurationIsVisible = 0;
			defaultConfigurationName = Release;
		};
/* End XCConfigurationList section */

/* Begin XCRemoteSwiftPackageReference section */
		5E50C86C26AF35E400746F87 /* RemoteSwiftPackageReference */ = {
			isa = XCRemoteSwiftPackageReference;
			repositoryURL = "https://github.com/SwiftyJSON/SwiftyJSON";
			requirement = {
				kind = upToNextMajorVersion;
				minimumVersion = 5.0.1;
			};
		};
		5E50C87726AF3D4D00746F87 /* RemoteSwiftPackageReference */ = {
			isa = XCRemoteSwiftPackageReference;
			repositoryURL = "https://github.com/ReactiveX/RxSwift";
			requirement = {
				kind = upToNextMajorVersion;
				minimumVersion = 6.2.0;
			};
		};
		5E50C89826AF5B3F00746F87 /* RemoteSwiftPackageReference */ = {
			isa = XCRemoteSwiftPackageReference;
			repositoryURL = "https://github.com/RxSwiftCommunity/RxGesture";
			requirement = {
				kind = upToNextMajorVersion;
				minimumVersion = 4.0.2;
			};
		};
/* End XCRemoteSwiftPackageReference section */

/* Begin XCSwiftPackageProductDependency section */
		5E50C86D26AF35E400746F87 /* SwiftPackageProductDependency */ = {
			isa = XCSwiftPackageProductDependency;
			package = 5E50C86C26AF35E400746F87 /* RemoteSwiftPackageReference */;
			productName = SwiftyJSON;
		};
		5E50C87826AF3D4D00746F87 /* SwiftPackageProductDependency */ = {
			isa = XCSwiftPackageProductDependency;
			package = 5E50C87726AF3D4D00746F87 /* RemoteSwiftPackageReference */;
			productName = RxSwift;
		};
		5E50C87A26AF3D4D00746F87 /* SwiftPackageProductDependency */ = {
			isa = XCSwiftPackageProductDependency;
			package = 5E50C87726AF3D4D00746F87 /* RemoteSwiftPackageReference */;
			productName = RxCocoa;
		};
		5E50C89926AF5B3F00746F87 /* SwiftPackageProductDependency */ = {
			isa = XCSwiftPackageProductDependency;
			package = 5E50C89826AF5B3F00746F87 /* RemoteSwiftPackageReference */;
			productName = RxGesture;
		};
/* End XCSwiftPackageProductDependency section */
	};
	rootObject = 5E50C82826AF171E00746F87 /* Project object */;
}
